
Microsoft Visual Studio Solution File, Format Version 12.00
# Visual Studio 15
VisualStudioVersion = 15.0.28307.572
MinimumVisualStudioVersion = 10.0.40219.1
Project("{FAE04EC0-301F-11D3-BF4B-00C04F79EFBC}") = "MVCMovie", "MVCMovie\MVCMovie.csproj", "{9E0CDE9D-9829-4006-9403-D8AC42442FFD}"
EndProject
Global
	GlobalSection(SolutionConfigurationPlatforms) = preSolution
		Debug|Any CPU = Debug|Any CPU
		Release|Any CPU = Release|Any CPU
	EndGlobalSection
	GlobalSection(ProjectConfigurationPlatforms) = postSolution
		{9E0CDE9D-9829-4006-9403-D8AC42442FFD}.Debug|Any CPU.ActiveCfg = Debug|Any CPU
		{9E0CDE9D-9829-4006-9403-D8AC42442FFD}.Debug|Any CPU.Build.0 = Debug|Any CPU
		{9E0CDE9D-9829-4006-9403-D8AC42442FFD}.Release|Any CPU.ActiveCfg = Release|Any CPU
		{9E0CDE9D-9829-4006-9403-D8AC42442FFD}.Release|Any CPU.Build.0 = Release|Any CPU
	EndGlobalSection
	GlobalSection(SolutionProperties) = preSolution
		HideSolutionNode = FALSE
	EndGlobalSection
	GlobalSection(ExtensibilityGlobals) = postSolution
		SolutionGuid = {1B2454D4-67C8-4560-A83A-C939E8B6A626}
	EndGlobalSection
EndGlobal
