
Microsoft Visual Studio Solution File, Format Version 12.00
# Visual Studio Version 16
VisualStudioVersion = 16.0.30804.86
MinimumVisualStudioVersion = 10.0.40219.1
Project("{9A19103F-16F7-4668-BE54-9A1E7A4F7556}") = "Cypher", "Cypher\Cypher.csproj", "{ECDC08F0-ECE1-4251-B6EC-75713C126A03}"
EndProject
Global
	GlobalSection(SolutionConfigurationPlatforms) = preSolution
		Debug|Any CPU = Debug|Any CPU
		Release|Any CPU = Release|Any CPU
	EndGlobalSection
	GlobalSection(ProjectConfigurationPlatforms) = postSolution
		{ECDC08F0-ECE1-4251-B6EC-75713C126A03}.Debug|Any CPU.ActiveCfg = Release|Any CPU
		{ECDC08F0-ECE1-4251-B6EC-75713C126A03}.Debug|Any CPU.Build.0 = Release|Any CPU
		{ECDC08F0-ECE1-4251-B6EC-75713C126A03}.Release|Any CPU.ActiveCfg = Release|Any CPU
		{ECDC08F0-ECE1-4251-B6EC-75713C126A03}.Release|Any CPU.Build.0 = Release|Any CPU
	EndGlobalSection
	GlobalSection(SolutionProperties) = preSolution
		HideSolutionNode = FALSE
	EndGlobalSection
	GlobalSection(ExtensibilityGlobals) = postSolution
		SolutionGuid = {E46CE99E-4103-436C-AD2C-45C812E9CFC2}
	EndGlobalSection
EndGlobal
